
Microsoft Visual Studio Solution File, Format Version 12.00
# Visual Studio Version 17
VisualStudioVersion = 17.3.32929.385
MinimumVisualStudioVersion = 10.0.40219.1
Project("{FAE04EC0-301F-11D3-BF4B-00C04F79EFBC}") = "LissetteAguaizaExamen.Android", "LissetteAguaizaExamen\LissetteAguaizaExamen.Android\LissetteAguaizaExamen.Android.csproj", "{CC8BC334-AE4A-457D-9869-BB302A004CC7}"
EndProject
Project("{FAE04EC0-301F-11D3-BF4B-00C04F79EFBC}") = "LissetteAguaizaExamen", "LissetteAguaizaExamen\LissetteAguaizaExamen\LissetteAguaizaExamen.csproj", "{5F1A44BC-1F83-4276-891C-88A335DB2AC6}"
EndProject
Global
	GlobalSection(SolutionConfigurationPlatforms) = preSolution
		Debug|Any CPU = Debug|Any CPU
		Release|Any CPU = Release|Any CPU
	EndGlobalSection
	GlobalSection(ProjectConfigurationPlatforms) = postSolution
		{CC8BC334-AE4A-457D-9869-BB302A004CC7}.Debug|Any CPU.ActiveCfg = Debug|Any CPU
		{CC8BC334-AE4A-457D-9869-BB302A004CC7}.Debug|Any CPU.Build.0 = Debug|Any CPU
		{CC8BC334-AE4A-457D-9869-BB302A004CC7}.Debug|Any CPU.Deploy.0 = Debug|Any CPU
		{CC8BC334-AE4A-457D-9869-BB302A004CC7}.Release|Any CPU.ActiveCfg = Release|Any CPU
		{CC8BC334-AE4A-457D-9869-BB302A004CC7}.Release|Any CPU.Build.0 = Release|Any CPU
		{CC8BC334-AE4A-457D-9869-BB302A004CC7}.Release|Any CPU.Deploy.0 = Release|Any CPU
		{5F1A44BC-1F83-4276-891C-88A335DB2AC6}.Debug|Any CPU.ActiveCfg = Debug|Any CPU
		{5F1A44BC-1F83-4276-891C-88A335DB2AC6}.Debug|Any CPU.Build.0 = Debug|Any CPU
		{5F1A44BC-1F83-4276-891C-88A335DB2AC6}.Debug|Any CPU.Deploy.0 = Debug|Any CPU
		{5F1A44BC-1F83-4276-891C-88A335DB2AC6}.Release|Any CPU.ActiveCfg = Release|Any CPU
		{5F1A44BC-1F83-4276-891C-88A335DB2AC6}.Release|Any CPU.Build.0 = Release|Any CPU
		{5F1A44BC-1F83-4276-891C-88A335DB2AC6}.Release|Any CPU.Deploy.0 = Release|Any CPU
	EndGlobalSection
	GlobalSection(SolutionProperties) = preSolution
		HideSolutionNode = FALSE
	EndGlobalSection
	GlobalSection(ExtensibilityGlobals) = postSolution
		SolutionGuid = {DFBEB9C9-E76C-4594-89D4-A97D7348C283}
	EndGlobalSection
EndGlobal
